schema_version: 1
snapshot_pdf_sha256: 05588315a56e6c8460d43f8775d78d367953bde930e3c411c909bf7b8d700db2
historical_release_id: 20260806T112202Z_9a37bcc67637
historical_git_revision: 9a37bcc67637062cc4d9f453b8ec3ec1de257d87
evidence_root: ../../results/historical/20260806T112202Z_9a37bcc67637
summary_sha256: 0fc603ecd0ca7e94696c35f48ef7001165a4b9211e74d214c599425755c4c095
manifest_sha256: 75eae01e2f87d3d224226497b46262b6cb0dd1ae138e51b41ca2cdbb7bcdd3a7
checksums_sha256: f5c75b398608db8def189d05cb88d72be401ead3487d4f61b58f3e1f22be4e22
claim_ledger_sha256: bcefe1a8239cbf071104a1bb970cbcfed8e249d6499efa45350ddc2306802d4d
claim_register_sha256: 35459f186f3e4d51bf0e21edaf885172a191f9a07b5e02adac4d6f2e338db5e8
errata_sha256: eb4cd221c733a0db7eeb19f64247cfe857f03c98c4f2f4000a01fb87c50f368f
bibliography_sha256: 0cdb90c4a5fc7c2184aaf9688960c0d4f4d7934dd8ce8641e176ed5b9ce31712
source_status: exact_conference_build_source_not_found
